
Microsoft Visual Studio Solution File, Format Version 12.00
# Visual Studio Version 16
VisualStudioVersion = 16.0.30711.63
MinimumVisualStudioVersion = 10.0.40219.1
Project("{9A19103F-16F7-4668-BE54-9A1E7A4F7556}") = "Test.Blazor", "..\Test.Blazor\Test.Blazor.csproj", "{9363385B-015B-4F80-A811-E7CF919AD7C2}"
EndProject
Project("{9A19103F-16F7-4668-BE54-9A1E7A4F7556}") = "Bdaya.Net.Blazor.FileUplodar", "Bdaya.Net.Blazor.FileUplodar.csproj", "{3478F761-9F9C-4BB9-9E99-22A136E47BA0}"
EndProject
Global
	GlobalSection(SolutionConfigurationPlatforms) = preSolution
		Debug|Any CPU = Debug|Any CPU
		Release|Any CPU = Release|Any CPU
	EndGlobalSection
	GlobalSection(ProjectConfigurationPlatforms) = postSolution
		{9363385B-015B-4F80-A811-E7CF919AD7C2}.Debug|Any CPU.ActiveCfg = Debug|Any CPU
		{9363385B-015B-4F80-A811-E7CF919AD7C2}.Debug|Any CPU.Build.0 = Debug|Any CPU
		{9363385B-015B-4F80-A811-E7CF919AD7C2}.Release|Any CPU.ActiveCfg = Release|Any CPU
		{9363385B-015B-4F80-A811-E7CF919AD7C2}.Release|Any CPU.Build.0 = Release|Any CPU
		{3478F761-9F9C-4BB9-9E99-22A136E47BA0}.Debug|Any CPU.ActiveCfg = Debug|Any CPU
		{3478F761-9F9C-4BB9-9E99-22A136E47BA0}.Debug|Any CPU.Build.0 = Debug|Any CPU
		{3478F761-9F9C-4BB9-9E99-22A136E47BA0}.Release|Any CPU.ActiveCfg = Release|Any CPU
		{3478F761-9F9C-4BB9-9E99-22A136E47BA0}.Release|Any CPU.Build.0 = Release|Any CPU
	EndGlobalSection
	GlobalSection(SolutionProperties) = preSolution
		HideSolutionNode = FALSE
	EndGlobalSection
	GlobalSection(ExtensibilityGlobals) = postSolution
		SolutionGuid = {B1CF700A-98C3-458A-A608-4593647FBC78}
	EndGlobalSection
EndGlobal
